{
  "name": "telemenu",
  "version": "2.0.0",
  "lockfileVersion": 3,
  "requires": true,
  "packages": {
    "": {
      "name": "telemenu",
      "version": "2.0.0",
      "license": "MIT",
      "engines": {
        "node": ">=18"
      },
      "peerDependencies": {
        "telegraf": ">=4.0.0"
      },
      "peerDependenciesMeta": {
        "telegraf": {
          "optional": true
        }
      }
    }
  }
}
